
Microsoft Visual Studio Solution File, Format Version 12.00
# Visual Studio Version 16
VisualStudioVersion = 16.0.32802.440
MinimumVisualStudioVersion = 10.0.40219.1
Project("{FAE04EC0-301F-11D3-BF4B-00C04F79EFBC}") = "CementInstaller2", "CementInstaller2\CementInstaller2.csproj", "{0AA4D5BA-DF76-430F-85B6-5D24241265CF}"
EndProject
Global
	GlobalSection(SolutionConfigurationPlatforms) = preSolution
		Debug|Any CPU = Debug|Any CPU
		Release|Any CPU = Release|Any CPU
	EndGlobalSection
	GlobalSection(ProjectConfigurationPlatforms) = postSolution
		{0AA4D5BA-DF76-430F-85B6-5D24241265CF}.Debug|Any CPU.ActiveCfg = Debug|Any CPU
		{0AA4D5BA-DF76-430F-85B6-5D24241265CF}.Debug|Any CPU.Build.0 = Debug|Any CPU
		{0AA4D5BA-DF76-430F-85B6-5D24241265CF}.Release|Any CPU.ActiveCfg = Release|Any CPU
		{0AA4D5BA-DF76-430F-85B6-5D24241265CF}.Release|Any CPU.Build.0 = Release|Any CPU
	EndGlobalSection
	GlobalSection(SolutionProperties) = preSolution
		HideSolutionNode = FALSE
	EndGlobalSection
	GlobalSection(ExtensibilityGlobals) = postSolution
		SolutionGuid = {7B81B3E2-72BD-4F3C-9980-C146C3E18315}
	EndGlobalSection
EndGlobal
